
Microsoft Visual Studio Solution File, Format Version 12.00
# Visual Studio 15
VisualStudioVersion = 15.0.27703.2035
MinimumVisualStudioVersion = 10.0.40219.1
Project("{9A19103F-16F7-4668-BE54-9A1E7A4F7556}") = "armbianI2Clib", "armbianI2Clib\armbianI2Clib.csproj", "{7AC4336F-312F-4C93-8B14-E61A87B06C09}"
EndProject
Project("{FAE04EC0-301F-11D3-BF4B-00C04F79EFBC}") = "TestSht31", "TestSht31\TestSht31.csproj", "{F7BE5682-5FAD-4DAB-8AD1-71CC8E754126}"
EndProject
Global
	GlobalSection(SolutionConfigurationPlatforms) = preSolution
		Debug|Any CPU = Debug|Any CPU
		Release|Any CPU = Release|Any CPU
	EndGlobalSection
	GlobalSection(ProjectConfigurationPlatforms) = postSolution
		{7AC4336F-312F-4C93-8B14-E61A87B06C09}.Debug|Any CPU.ActiveCfg = Debug|Any CPU
		{7AC4336F-312F-4C93-8B14-E61A87B06C09}.Debug|Any CPU.Build.0 = Debug|Any CPU
		{7AC4336F-312F-4C93-8B14-E61A87B06C09}.Release|Any CPU.ActiveCfg = Release|Any CPU
		{7AC4336F-312F-4C93-8B14-E61A87B06C09}.Release|Any CPU.Build.0 = Release|Any CPU
		{F7BE5682-5FAD-4DAB-8AD1-71CC8E754126}.Debug|Any CPU.ActiveCfg = Debug|Any CPU
		{F7BE5682-5FAD-4DAB-8AD1-71CC8E754126}.Debug|Any CPU.Build.0 = Debug|Any CPU
		{F7BE5682-5FAD-4DAB-8AD1-71CC8E754126}.Release|Any CPU.ActiveCfg = Release|Any CPU
		{F7BE5682-5FAD-4DAB-8AD1-71CC8E754126}.Release|Any CPU.Build.0 = Release|Any CPU
	EndGlobalSection
	GlobalSection(SolutionProperties) = preSolution
		HideSolutionNode = FALSE
	EndGlobalSection
	GlobalSection(ExtensibilityGlobals) = postSolution
		SolutionGuid = {036694FB-5C18-42A5-B569-0CC1ED9CE033}
	EndGlobalSection
EndGlobal
